
Microsoft Visual Studio Solution File, Format Version 12.00
# Visual Studio 15
VisualStudioVersion = 15.0.27703.2047
MinimumVisualStudioVersion = 10.0.40219.1
Project("{FAE04EC0-301F-11D3-BF4B-00C04F79EFBC}") = "VivoxVoiceRelayWindows", "VivoxVoiceRelayWindows\VivoxVoiceRelayWindows.csproj", "{BF62926D-085C-4002-A2E4-88096686F082}"
EndProject
Global
	GlobalSection(SolutionConfigurationPlatforms) = preSolution
		Debug|x64 = Debug|x64
		Debug|x86 = Debug|x86
		Release|x64 = Release|x64
		Release|x86 = Release|x86
	EndGlobalSection
	GlobalSection(ProjectConfigurationPlatforms) = postSolution
		{BF62926D-085C-4002-A2E4-88096686F082}.Debug|x64.ActiveCfg = Debug|x64
		{BF62926D-085C-4002-A2E4-88096686F082}.Debug|x64.Build.0 = Debug|x64
		{BF62926D-085C-4002-A2E4-88096686F082}.Debug|x86.ActiveCfg = Debug|x64
		{BF62926D-085C-4002-A2E4-88096686F082}.Debug|x86.Build.0 = Debug|x64
		{BF62926D-085C-4002-A2E4-88096686F082}.Release|x64.ActiveCfg = Release|x64
		{BF62926D-085C-4002-A2E4-88096686F082}.Release|x64.Build.0 = Release|x64
		{BF62926D-085C-4002-A2E4-88096686F082}.Release|x86.ActiveCfg = Release|x64
		{BF62926D-085C-4002-A2E4-88096686F082}.Release|x86.Build.0 = Release|x64
	EndGlobalSection
	GlobalSection(SolutionProperties) = preSolution
		HideSolutionNode = FALSE
	EndGlobalSection
	GlobalSection(ExtensibilityGlobals) = postSolution
		SolutionGuid = {B06F57F6-8D16-4016-B182-FDAF88E7648D}
	EndGlobalSection
EndGlobal
